
Microsoft Visual Studio Solution File, Format Version 12.00
# Visual Studio Version 16
VisualStudioVersion = 16.0.30114.105
MinimumVisualStudioVersion = 10.0.40219.1
Project("{FAE04EC0-301F-11D3-BF4B-00C04F79EFBC}") = "NCL.WebApi.PagoCuotas", "NCL.WebApi.PagoCuotas\NCL.WebApi.PagoCuotas.csproj", "{6E0DCB7B-1DC9-4A08-A0F6-7A5C6DBB093D}"
EndProject
Global
	GlobalSection(SolutionConfigurationPlatforms) = preSolution
		Debug|Any CPU = Debug|Any CPU
		Release|Any CPU = Release|Any CPU
	EndGlobalSection
	GlobalSection(ProjectConfigurationPlatforms) = postSolution
		{6E0DCB7B-1DC9-4A08-A0F6-7A5C6DBB093D}.Debug|Any CPU.ActiveCfg = Debug|Any CPU
		{6E0DCB7B-1DC9-4A08-A0F6-7A5C6DBB093D}.Debug|Any CPU.Build.0 = Debug|Any CPU
		{6E0DCB7B-1DC9-4A08-A0F6-7A5C6DBB093D}.Release|Any CPU.ActiveCfg = Release|Any CPU
		{6E0DCB7B-1DC9-4A08-A0F6-7A5C6DBB093D}.Release|Any CPU.Build.0 = Release|Any CPU
	EndGlobalSection
	GlobalSection(SolutionProperties) = preSolution
		HideSolutionNode = FALSE
	EndGlobalSection
	GlobalSection(ExtensibilityGlobals) = postSolution
		SolutionGuid = {F8B80C68-826D-4B3E-80A2-205095A15BCB}
	EndGlobalSection
EndGlobal
